// !$*UTF8*$!
{
	archiveVersion = 1;
	classes = {
	};
	objectVersion = 46;
	objects = {

/* Begin PBXBuildFile section */
		536E94B31BB1B8B40014DF27 /* main.m in Sources */ = {isa = PBXBuildFile; fileRef = 536E94B21BB1B8B40014DF27 /* main.m */; };
/* End PBXBuildFile section */

/* Begin PBXCopyFilesBuildPhase section */
		536E94AD1BB1B8B40014DF27 /* CopyFiles */ = {
			isa = PBXCopyFilesBuildPhase;
			buildActionMask = 2147483647;
			dstPath = /usr/share/man/man1/;
			dstSubfolderSpec = 0;
			files = (
			);
			runOnlyForDeploymentPostprocessing = 1;
		};
/* End PBXCopyFilesBuildPhase section */

/* Begin PBXFileReference section */
		536E94AF1BB1B8B40014DF27 /* Collections&Dictionaries */ = {isa = PBXFileReference; explicitFileType = "compiled.mach-o.executable"; includeInIndex = 0; path = "Collections&Dictionaries"; sourceTree = BUILT_PRODUCTS_DIR; };
		536E94B21BB1B8B40014DF27 /* main.m */ = {isa = PBXFileReference; lastKnownFileType = sourcecode.c.objc; path = main.m; sourceTree = "<group>"; };
/* End PBXFileReference section */

/* Begin PBXFrameworksBuildPhase section */
		536E94AC1BB1B8B40014DF27 /* Frameworks */ = {
			isa = PBXFrameworksBuildPhase;
			buildActionMask = 2147483647;
			files = (
			);
			runOnlyForDeploymentPostprocessing = 0;
		};
/* End PBXFrameworksBuildPhase section */

/* Begin PBXGroup section */
		536E94A61BB1B8B40014DF27 = {
			isa = PBXGroup;
			children = (
				536E94B11BB1B8B40014DF27 /* Collections&Dictionaries */,
				536E94B01BB1B8B40014DF27 /* Products */,
			);
			sourceTree = "<group>";
		};
		536E94B01BB1B8B40014DF27 /* Products */ = {
			isa = PBXGroup;
			children = (
				536E94AF1BB1B8B40014DF27 /* Collections&Dictionaries */,
			);
			name = Products;
			sourceTree = "<group>";
		};
		536E94B11BB1B8B40014DF27 /* Collections&Dictionaries */ = {
			isa = PBXGroup;
			children = (
				536E94B21BB1B8B40014DF27 /* main.m */,
			);
			path = "Collections&Dictionaries";
			sourceTree = "<group>";
		};
/* End PBXGroup section */

/* Begin PBXNativeTarget section */
		536E94AE1BB1B8B40014DF27 /* Collections&Dictionaries */ = {
			isa = PBXNativeTarget;
			buildConfigurationList = 536E94B61BB1B8B40014DF27 /* Build configuration list for PBXNativeTarget "Collections&Dictionaries" */;
			buildPhases = (
				536E94AB1BB1B8B40014DF27 /* Sources */,
				536E94AC1BB1B8B40014DF27 /* Frameworks */,
				536E94AD1BB1B8B40014DF27 /* CopyFiles */,
			);
			buildRules = (
			);
			dependencies = (
			);
			name = "Collections&Dictionaries";
			productName = "Collections&Dictionaries";
			productReference = 536E94AF1BB1B8B40014DF27 /* Collections&Dictionaries */;
			productType = "com.apple.product-type.tool";
		};
/* End PBXNativeTarget section */

/* Begin PBXProject section */
		536E94A71BB1B8B40014DF27 /* Project object */ = {
			isa = PBXProject;
			attributes = {
				LastUpgradeCheck = 0700;
				ORGANIZATIONNAME = "Ilgaar Elseven";
				TargetAttributes = {
					536E94AE1BB1B8B40014DF27 = {
						CreatedOnToolsVersion = 7.0;
					};
				};
			};
			buildConfigurationList = 536E94AA1BB1B8B40014DF27 /* Build configuration list for PBXProject "Collections&Dictionaries" */;
			compatibilityVersion = "Xcode 3.2";
			developmentRegion = English;
			hasScannedForEncodings = 0;
			knownRegions = (
				en,
			);
			mainGroup = 536E94A61BB1B8B40014DF27;
			productRefGroup = 536E94B01BB1B8B40014DF27 /* Products */;
			projectDirPath = "";
			projectRoot = "";
			targets = (
				536E94AE1BB1B8B40014DF27 /* Collections&Dictionaries */,
			);
		};
/* End PBXProject section */

/* Begin PBXSourcesBuildPhase section */
		536E94AB1BB1B8B40014DF27 /* Sources */ = {
			isa = PBXSourcesBuildPhase;
			buildActionMask = 2147483647;
			files = (
				536E94B31BB1B8B40014DF27 /* main.m in Sources */,
			);
			runOnlyForDeploymentPostprocessing = 0;
		};
/* End PBXSourcesBuildPhase section */

/* Begin XCBuildConfiguration section */
		536E94B41BB1B8B40014DF27 /* Debug */ = {
			isa = XCBuildConfiguration;
			buildSettings = {
				ALWAYS_SEARCH_USER_PATHS = NO;
				CLANG_CXX_LANGUAGE_STANDARD = "gnu++0x";
				CLANG_CXX_LIBRARY = "libc++";
				CLANG_ENABLE_MODULES = YES;
				CLANG_ENABLE_OBJC_ARC = YES;
				CLANG_WARN_BOOL_CONVERSION = YES;
				CLANG_WARN_CONSTANT_CONVERSION = YES;
				CLANG_WARN_DIRECT_OBJC_ISA_USAGE = YES_ERROR;
				CLANG_WARN_EMPTY_BODY = YES;
				CLANG_WARN_ENUM_CONVERSION = YES;
				CLANG_WARN_INT_CONVERSION = YES;
				CLANG_WARN_OBJC_ROOT_CLASS = YES_ERROR;
				CLANG_WARN_UNREACHABLE_CODE = YES;
				CLANG_WARN__DUPLICATE_METHOD_MATCH = YES;
				COPY_PHASE_STRIP = NO;
				DEBUG_INFORMATION_FORMAT = dwarf;
				ENABLE_STRICT_OBJC_MSGSEND = YES;
				ENABLE_TESTABILITY = YES;
				GCC_C_LANGUAGE_STANDARD = gnu99;
				GCC_DYNAMIC_NO_PIC = NO;
				GCC_NO_COMMON_BLOCKS = YES;
				GCC_OPTIMIZATION_LEVEL = 0;
				GCC_PREPROCESSOR_DEFINITIONS = (
					"DEBUG=1",
					"$(inherited)",
				);
				GCC_WARN_64_TO_32_BIT_CONVERSION = YES;
				GCC_WARN_ABOUT_RETURN_TYPE = YES_ERROR;
				GCC_WARN_UNDECLARED_SELECTOR = YES;
				GCC_WARN_UNINITIALIZED_AUTOS = YES_AGGRESSIVE;
				GCC_WARN_UNUSED_FUNCTION = YES;
				GCC_WARN_UNUSED_VARIABLE = YES;
				MACOSX_DEPLOYMENT_TARGET = 10.10;
				MTL_ENABLE_DEBUG_INFO = YES;
				ONLY_ACTIVE_ARCH = YES;
				SDKROOT = macosx;
			};
			name = Debug;
		};
		536E94B51BB1B8B40014DF27 /* Release */ = {
			isa = XCBuildConfiguration;
			buildSettings = {
				ALWAYS_SEARCH_USER_PATHS = NO;
				CLANG_CXX_LANGUAGE_STANDARD = "gnu++0x";
				CLANG_CXX_LIBRARY = "libc++";
				CLANG_ENABLE_MODULES = YES;
				CLANG_ENABLE_OBJC_ARC = YES;
				CLANG_WARN_BOOL_CONVERSION = YES;
				CLANG_WARN_CONSTANT_CONVERSION = YES;
				CLANG_WARN_DIRECT_OBJC_ISA_USAGE = YES_ERROR;
				CLANG_WARN_EMPTY_BODY = YES;
				CLANG_WARN_ENUM_CONVERSION = YES;
				CLANG_WARN_INT_CONVERSION = YES;
				CLANG_WARN_OBJC_ROOT_CLASS = YES_ERROR;
				CLANG_WARN_UNREACHABLE_CODE = YES;
				CLANG_WARN__DUPLICATE_METHOD_MATCH = YES;
				COPY_PHASE_STRIP = NO;
				DEBUG_INFORMATION_FORMAT = "dwarf-with-dsym";
				ENABLE_NS_ASSERTIONS = NO;
				ENABLE_STRICT_OBJC_MSGSEND = YES;
				GCC_C_LANGUAGE_STANDARD = gnu99;
				GCC_NO_COMMON_BLOCKS = YES;
				GCC_WARN_64_TO_32_BIT_CONVERSION = YES;
				GCC_WARN_ABOUT_RETURN_TYPE = YES_ERROR;
				GCC_WARN_UNDECLARED_SELECTOR = YES;
				GCC_WARN_UNINITIALIZED_AUTOS = YES_AGGRESSIVE;
				GCC_WARN_UNUSED_FUNCTION = YES;
				GCC_WARN_UNUSED_VARIABLE = YES;
				MACOSX_DEPLOYMENT_TARGET = 10.10;
				MTL_ENABLE_DEBUG_INFO = NO;
				SDKROOT = macosx;
			};
			name = Release;
		};
		536E94B71BB1B8B40014DF27 /* Debug */ = {
			isa = XCBuildConfiguration;
			buildSettings = {
				PRODUCT_NAME = "$(TARGET_NAME)";
			};
			name = Debug;
		};
		536E94B81BB1B8B40014DF27 /* Release */ = {
			isa = XCBuildConfiguration;
			buildSettings = {
				PRODUCT_NAME = "$(TARGET_NAME)";
			};
			name = Release;
		};
/* End XCBuildConfiguration section */

/* Begin XCConfigurationList section */
		536E94AA1BB1B8B40014DF27 /* Build configuration list for PBXProject "Collections&Dictionaries" */ = {
			isa = XCConfigurationList;
			buildConfigurations = (
				536E94B41BB1B8B40014DF27 /* Debug */,
				536E94B51BB1B8B40014DF27 /* Release */,
			);
			defaultConfigurationIsVisible = 0;
			defaultConfigurationName = Release;
		};
		536E94B61BB1B8B40014DF27 /* Build configuration list for PBXNativeTarget "Collections&Dictionaries" */ = {
			isa = XCConfigurationList;
			buildConfigurations = (
				536E94B71BB1B8B40014DF27 /* Debug */,
				536E94B81BB1B8B40014DF27 /* Release */,
			);
			defaultConfigurationIsVisible = 0;
		};
/* End XCConfigurationList section */
	};
	rootObject = 536E94A71BB1B8B40014DF27 /* Project object */;
}
